Microsoft Visual Studio Solution File, Format Version 12.00
# Visual Studio Version 17
VisualStudioVersion = 17.0.31903.59
MinimumVisualStudioVersion = 10.0.40219.1
Project("{FAE04EC0-301F-11D3-BF4B-00C04F79EFBC}") = "SimplAgent.Web.AppHost", "SimplAgent.Web\SimplAgent.Web.AppHost\SimplAgent.Web.AppHost.csproj", "{7979E9D9-9B22-46D1-994E-00E8C460CC63}"
EndProject
Project("{FAE04EC0-301F-11D3-BF4B-00C04F79EFBC}") = "SimplAgent.Web.ServiceDefaults", "SimplAgent.Web\SimplAgent.Web.ServiceDefaults\SimplAgent.Web.ServiceDefaults.csproj", "{27C7C8AD-7447-42FC-A12C-0A1BBB8482A5}"
EndProject
Project("{FAE04EC0-301F-11D3-BF4B-00C04F79EFBC}") = "SimplAgent.Web.ApiService", "SimplAgent.Web\SimplAgent.Web.ApiService\SimplAgent.Web.ApiService.csproj", "{5C8E02C8-0988-45D9-9E89-510B9F27118D}"
EndProject
Project("{FAE04EC0-301F-11D3-BF4B-00C04F79EFBC}") = "SimplAgent.Web.Web", "SimplAgent.Web\SimplAgent.Web.Web\SimplAgent.Web.Web.csproj", "{46229280-5D5C-414C-A71C-87DDB4F6CF77}"
EndProject
Project("{FAE04EC0-301F-11D3-BF4B-00C04F79EFBC}") = "SimplAgent.Shared.Dtos", "SimplAgent.Shared.Dtos\SimplAgent.Shared.Dtos.csproj", "{0B076283-782E-46A8-BBDF-1F5BD3C66A19}"
EndProject
Project("{FAE04EC0-301F-11D3-BF4B-00C04F79EFBC}") = "SimplAgent.Knowledge", "SimplAgent.Knowledge\SimplAgent.Knowledge.csproj", "{524065B7-58CE-4548-AF33-4C8E3E4DE31B}"
EndProject
Global
	GlobalSection(SolutionConfigurationPlatforms) = preSolution
		Debug|Any CPU = Debug|Any CPU
		Release|Any CPU = Release|Any CPU
	EndGlobalSection
	GlobalSection(ProjectConfigurationPlatforms) = postSolution
		{7979E9D9-9B22-46D1-994E-00E8C460CC63}.Debug|Any CPU.ActiveCfg = Debug|Any CPU
		{7979E9D9-9B22-46D1-994E-00E8C460CC63}.Debug|Any CPU.Build.0 = Debug|Any CPU
		{7979E9D9-9B22-46D1-994E-00E8C460CC63}.Release|Any CPU.ActiveCfg = Release|Any CPU
		{7979E9D9-9B22-46D1-994E-00E8C460CC63}.Release|Any CPU.Build.0 = Release|Any CPU
		{27C7C8AD-7447-42FC-A12C-0A1BBB8482A5}.Debug|Any CPU.ActiveCfg = Debug|Any CPU
		{27C7C8AD-7447-42FC-A12C-0A1BBB8482A5}.Debug|Any CPU.Build.0 = Debug|Any CPU
		{27C7C8AD-7447-42FC-A12C-0A1BBB8482A5}.Release|Any CPU.ActiveCfg = Release|Any CPU
		{27C7C8AD-7447-42FC-A12C-0A1BBB8482A5}.Release|Any CPU.Build.0 = Release|Any CPU
		{5C8E02C8-0988-45D9-9E89-510B9F27118D}.Debug|Any CPU.ActiveCfg = Debug|Any CPU
		{5C8E02C8-0988-45D9-9E89-510B9F27118D}.Debug|Any CPU.Build.0 = Debug|Any CPU
		{5C8E02C8-0988-45D9-9E89-510B9F27118D}.Release|Any CPU.ActiveCfg = Release|Any CPU
		{5C8E02C8-0988-45D9-9E89-510B9F27118D}.Release|Any CPU.Build.0 = Release|Any CPU
		{46229280-5D5C-414C-A71C-87DDB4F6CF77}.Debug|Any CPU.ActiveCfg = Debug|Any CPU
		{46229280-5D5C-414C-A71C-87DDB4F6CF77}.Debug|Any CPU.Build.0 = Debug|Any CPU
		{46229280-5D5C-414C-A71C-87DDB4F6CF77}.Release|Any CPU.ActiveCfg = Release|Any CPU
		{46229280-5D5C-414C-A71C-87DDB4F6CF77}.Release|Any CPU.Build.0 = Release|Any CPU
		{0B076283-782E-46A8-BBDF-1F5BD3C66A19}.Debug|Any CPU.ActiveCfg = Debug|Any CPU
		{0B076283-782E-46A8-BBDF-1F5BD3C66A19}.Debug|Any CPU.Build.0 = Debug|Any CPU
		{0B076283-782E-46A8-BBDF-1F5BD3C66A19}.Release|Any CPU.ActiveCfg = Release|Any CPU
		{0B076283-782E-46A8-BBDF-1F5BD3C66A19}.Release|Any CPU.Build.0 = Release|Any CPU
		{524065B7-58CE-4548-AF33-4C8E3E4DE31B}.Debug|Any CPU.ActiveCfg = Debug|Any CPU
		{524065B7-58CE-4548-AF33-4C8E3E4DE31B}.Debug|Any CPU.Build.0 = Debug|Any CPU
		{524065B7-58CE-4548-AF33-4C8E3E4DE31B}.Release|Any CPU.ActiveCfg = Release|Any CPU
		{524065B7-58CE-4548-AF33-4C8E3E4DE31B}.Release|Any CPU.Build.0 = Release|Any CPU
	EndGlobalSection
	GlobalSection(SolutionProperties) = preSolution
		HideSolutionNode = FALSE
	EndGlobalSection
EndGlobal
